
Microsoft Visual Studio Solution File, Format Version 12.00
# Visual Studio Version 16
VisualStudioVersion = 16.0.31112.23
MinimumVisualStudioVersion = 10.0.40219.1
Project("{9A19103F-16F7-4668-BE54-9A1E7A4F7556}") = "CounterFunctions2", "CounterFunctions2\CounterFunctions2.csproj", "{4285502C-446E-4BB8-AE57-4D246B8AAE42}"
EndProject
Global
	GlobalSection(SolutionConfigurationPlatforms) = preSolution
		Debug|Any CPU = Debug|Any CPU
		Release|Any CPU = Release|Any CPU
	EndGlobalSection
	GlobalSection(ProjectConfigurationPlatforms) = postSolution
		{4285502C-446E-4BB8-AE57-4D246B8AAE42}.Debug|Any CPU.ActiveCfg = Debug|Any CPU
		{4285502C-446E-4BB8-AE57-4D246B8AAE42}.Debug|Any CPU.Build.0 = Debug|Any CPU
		{4285502C-446E-4BB8-AE57-4D246B8AAE42}.Release|Any CPU.ActiveCfg = Release|Any CPU
		{4285502C-446E-4BB8-AE57-4D246B8AAE42}.Release|Any CPU.Build.0 = Release|Any CPU
	EndGlobalSection
	GlobalSection(SolutionProperties) = preSolution
		HideSolutionNode = FALSE
	EndGlobalSection
	GlobalSection(ExtensibilityGlobals) = postSolution
		SolutionGuid = {3D62C342-C6B8-410F-A9B5-812A5584EFE3}
	EndGlobalSection
EndGlobal
